// !$*UTF8*$!
{
	archiveVersion = 1;
	classes = {
	};
	objectVersion = 46;
	objects = {

/* Begin PBXBuildFile section */
		5EBA70951BF3D878003D5DB6 /* AppDelegate.swift in Sources */ = {isa = PBXBuildFile; fileRef = 5EBA70941BF3D878003D5DB6 /* AppDelegate.swift */; };
		5EBA70971BF3D878003D5DB6 /* ViewController.swift in Sources */ = {isa = PBXBuildFile; fileRef = 5EBA70961BF3D878003D5DB6 /* ViewController.swift */; };
		5EBA709A1BF3D878003D5DB6 /* Main.storyboard in Resources */ = {isa = PBXBuildFile; fileRef = 5EBA70981BF3D878003D5DB6 /* Main.storyboard */; };
		5EBA709C1BF3D878003D5DB6 /* Assets.xcassets in Resources */ = {isa = PBXBuildFile; fileRef = 5EBA709B1BF3D878003D5DB6 /* Assets.xcassets */; };
/* End PBXBuildFile section */

/* Begin PBXFileReference section */
		5EBA70911BF3D878003D5DB6 /* Your Own Channel.app */ = {isa = PBXFileReference; explicitFileType = wrapper.application; includeInIndex = 0; path = "Your Own Channel.app"; sourceTree = BUILT_PRODUCTS_DIR; };
		5EBA70941BF3D878003D5DB6 /* AppDelegate.swift */ = {isa = PBXFileReference; lastKnownFileType = sourcecode.swift; path = AppDelegate.swift; sourceTree = "<group>"; };
		5EBA70961BF3D878003D5DB6 /* ViewController.swift */ = {isa = PBXFileReference; lastKnownFileType = sourcecode.swift; path = ViewController.swift; sourceTree = "<group>"; };
		5EBA70991BF3D878003D5DB6 /* Base */ = {isa = PBXFileReference; lastKnownFileType = file.storyboard; name = Base; path = Base.lproj/Main.storyboard; sourceTree = "<group>"; };
		5EBA709B1BF3D878003D5DB6 /* Assets.xcassets */ = {isa = PBXFileReference; lastKnownFileType = folder.assetcatalog; path = Assets.xcassets; sourceTree = "<group>"; };
		5EBA709D1BF3D878003D5DB6 /* Info.plist */ = {isa = PBXFileReference; lastKnownFileType = text.plist.xml; path = Info.plist; sourceTree = "<group>"; };
/* End PBXFileReference section */

/* Begin PBXFrameworksBuildPhase section */
		5EBA708E1BF3D878003D5DB6 /* Frameworks */ = {
			isa = PBXFrameworksBuildPhase;
			buildActionMask = 2147483647;
			files = (
			);
			runOnlyForDeploymentPostprocessing = 0;
		};
/* End PBXFrameworksBuildPhase section */

/* Begin PBXGroup section */
		5EBA70881BF3D878003D5DB6 = {
			isa = PBXGroup;
			children = (
				5EBA70931BF3D878003D5DB6 /* Your Own Channel */,
				5EBA70921BF3D878003D5DB6 /* Products */,
			);
			sourceTree = "<group>";
		};
		5EBA70921BF3D878003D5DB6 /* Products */ = {
			isa = PBXGroup;
			children = (
				5EBA70911BF3D878003D5DB6 /* Your Own Channel.app */,
			);
			name = Products;
			sourceTree = "<group>";
		};
		5EBA70931BF3D878003D5DB6 /* Your Own Channel */ = {
			isa = PBXGroup;
			children = (
				5EBA70941BF3D878003D5DB6 /* AppDelegate.swift */,
				5EBA70961BF3D878003D5DB6 /* ViewController.swift */,
				5EBA70981BF3D878003D5DB6 /* Main.storyboard */,
				5EBA709B1BF3D878003D5DB6 /* Assets.xcassets */,
				5EBA709D1BF3D878003D5DB6 /* Info.plist */,
			);
			path = "Your Own Channel";
			sourceTree = "<group>";
		};
/* End PBXGroup section */

/* Begin PBXNativeTarget section */
		5EBA70901BF3D878003D5DB6 /* Your Own Channel */ = {
			isa = PBXNativeTarget;
			buildConfigurationList = 5EBA70A01BF3D878003D5DB6 /* Build configuration list for PBXNativeTarget "Your Own Channel" */;
			buildPhases = (
				5EBA708D1BF3D878003D5DB6 /* Sources */,
				5EBA708E1BF3D878003D5DB6 /* Frameworks */,
				5EBA708F1BF3D878003D5DB6 /* Resources */,
			);
			buildRules = (
			);
			dependencies = (
			);
			name = "Your Own Channel";
			productName = "Your Own Channel";
			productReference = 5EBA70911BF3D878003D5DB6 /* Your Own Channel.app */;
			productType = "com.apple.product-type.application";
		};
/* End PBXNativeTarget section */

/* Begin PBXProject section */
		5EBA70891BF3D878003D5DB6 /* Project object */ = {
			isa = PBXProject;
			attributes = {
				LastSwiftUpdateCheck = 0710;
				LastUpgradeCheck = 0710;
				ORGANIZATIONNAME = "Richard Sigouin";
				TargetAttributes = {
					5EBA70901BF3D878003D5DB6 = {
						CreatedOnToolsVersion = 7.1.1;
					};
				};
			};
			buildConfigurationList = 5EBA708C1BF3D878003D5DB6 /* Build configuration list for PBXProject "Your Own Channel" */;
			compatibilityVersion = "Xcode 3.2";
			developmentRegion = English;
			hasScannedForEncodings = 0;
			knownRegions = (
				en,
				Base,
			);
			mainGroup = 5EBA70881BF3D878003D5DB6;
			productRefGroup = 5EBA70921BF3D878003D5DB6 /* Products */;
			projectDirPath = "";
			projectRoot = "";
			targets = (
				5EBA70901BF3D878003D5DB6 /* Your Own Channel */,
			);
		};
/* End PBXProject section */

/* Begin PBXResourcesBuildPhase section */
		5EBA708F1BF3D878003D5DB6 /* Resources */ = {
			isa = PBXResourcesBuildPhase;
			buildActionMask = 2147483647;
			files = (
				5EBA709C1BF3D878003D5DB6 /* Assets.xcassets in Resources */,
				5EBA709A1BF3D878003D5DB6 /* Main.storyboard in Resources */,
			);
			runOnlyForDeploymentPostprocessing = 0;
		};
/* End PBXResourcesBuildPhase section */

/* Begin PBXSourcesBuildPhase section */
		5EBA708D1BF3D878003D5DB6 /* Sources */ = {
			isa = PBXSourcesBuildPhase;
			buildActionMask = 2147483647;
			files = (
				5EBA70971BF3D878003D5DB6 /* ViewController.swift in Sources */,
				5EBA70951BF3D878003D5DB6 /* AppDelegate.swift in Sources */,
			);
			runOnlyForDeploymentPostprocessing = 0;
		};
/* End PBXSourcesBuildPhase section */

/* Begin PBXVariantGroup section */
		5EBA70981BF3D878003D5DB6 /* Main.storyboard */ = {
			isa = PBXVariantGroup;
			children = (
				5EBA70991BF3D878003D5DB6 /* Base */,
			);
			name = Main.storyboard;
			sourceTree = "<group>";
		};
/* End PBXVariantGroup section */

/* Begin XCBuildConfiguration section */
		5EBA709E1BF3D878003D5DB6 /* Debug */ = {
			isa = XCBuildConfiguration;
			buildSettings = {
				ALWAYS_SEARCH_USER_PATHS = NO;
				CLANG_CXX_LANGUAGE_STANDARD = "gnu++0x";
				CLANG_CXX_LIBRARY = "libc++";
				CLANG_ENABLE_MODULES = YES;
				CLANG_ENABLE_OBJC_ARC = YES;
				CLANG_WARN_BOOL_CONVERSION = YES;
				CLANG_WARN_CONSTANT_CONVERSION = YES;
				CLANG_WARN_DIRECT_OBJC_ISA_USAGE = YES_ERROR;
				CLANG_WARN_EMPTY_BODY = YES;
				CLANG_WARN_ENUM_CONVERSION = YES;
				CLANG_WARN_INT_CONVERSION = YES;
				CLANG_WARN_OBJC_ROOT_CLASS = YES_ERROR;
				CLANG_WARN_UNREACHABLE_CODE = YES;
				CLANG_WARN__DUPLICATE_METHOD_MATCH = YES;
				COPY_PHASE_STRIP = NO;
				DEBUG_INFORMATION_FORMAT = dwarf;
				ENABLE_STRICT_OBJC_MSGSEND = YES;
				ENABLE_TESTABILITY = YES;
				GCC_C_LANGUAGE_STANDARD = gnu99;
				GCC_DYNAMIC_NO_PIC = NO;
				GCC_NO_COMMON_BLOCKS = YES;
				GCC_OPTIMIZATION_LEVEL = 0;
				GCC_PREPROCESSOR_DEFINITIONS = (
					"DEBUG=1",
					"$(inherited)",
				);
				GCC_WARN_64_TO_32_BIT_CONVERSION = YES;
				GCC_WARN_ABOUT_RETURN_TYPE = YES_ERROR;
				GCC_WARN_UNDECLARED_SELECTOR = YES;
				GCC_WARN_UNINITIALIZED_AUTOS = YES_AGGRESSIVE;
				GCC_WARN_UNUSED_FUNCTION = YES;
				GCC_WARN_UNUSED_VARIABLE = YES;
				MTL_ENABLE_DEBUG_INFO = YES;
				ONLY_ACTIVE_ARCH = YES;
				SDKROOT = appletvos;
				SWIFT_OPTIMIZATION_LEVEL = "-Onone";
				TARGETED_DEVICE_FAMILY = 3;
				TVOS_DEPLOYMENT_TARGET = 9.0;
			};
			name = Debug;
		};
		5EBA709F1BF3D878003D5DB6 /* Release */ = {
			isa = XCBuildConfiguration;
			buildSettings = {
				ALWAYS_SEARCH_USER_PATHS = NO;
				CLANG_CXX_LANGUAGE_STANDARD = "gnu++0x";
				CLANG_CXX_LIBRARY = "libc++";
				CLANG_ENABLE_MODULES = YES;
				CLANG_ENABLE_OBJC_ARC = YES;
				CLANG_WARN_BOOL_CONVERSION = YES;
				CLANG_WARN_CONSTANT_CONVERSION = YES;
				CLANG_WARN_DIRECT_OBJC_ISA_USAGE = YES_ERROR;
				CLANG_WARN_EMPTY_BODY = YES;
				CLANG_WARN_ENUM_CONVERSION = YES;
				CLANG_WARN_INT_CONVERSION = YES;
				CLANG_WARN_OBJC_ROOT_CLASS = YES_ERROR;
				CLANG_WARN_UNREACHABLE_CODE = YES;
				CLANG_WARN__DUPLICATE_METHOD_MATCH = YES;
				COPY_PHASE_STRIP = NO;
				DEBUG_INFORMATION_FORMAT = "dwarf-with-dsym";
				ENABLE_NS_ASSERTIONS = NO;
				ENABLE_STRICT_OBJC_MSGSEND = YES;
				GCC_C_LANGUAGE_STANDARD = gnu99;
				GCC_NO_COMMON_BLOCKS = YES;
				GCC_WARN_64_TO_32_BIT_CONVERSION = YES;
				GCC_WARN_ABOUT_RETURN_TYPE = YES_ERROR;
				GCC_WARN_UNDECLARED_SELECTOR = YES;
				GCC_WARN_UNINITIALIZED_AUTOS = YES_AGGRESSIVE;
				GCC_WARN_UNUSED_FUNCTION = YES;
				GCC_WARN_UNUSED_VARIABLE = YES;
				MTL_ENABLE_DEBUG_INFO = NO;
				SDKROOT = appletvos;
				TARGETED_DEVICE_FAMILY = 3;
				TVOS_DEPLOYMENT_TARGET = 9.0;
				VALIDATE_PRODUCT = YES;
			};
			name = Release;
		};
		5EBA70A11BF3D878003D5DB6 /* Debug */ = {
			isa = XCBuildConfiguration;
			buildSettings = {
				ASSETCATALOG_COMPILER_APPICON_NAME = "App Icon & Top Shelf Image";
				ASSETCATALOG_COMPILER_LAUNCHIMAGE_NAME = LaunchImage;
				INFOPLIST_FILE = "Your Own Channel/Info.plist";
				LD_RUNPATH_SEARCH_PATHS = "$(inherited) @executable_path/Frameworks";
				PRODUCT_BUNDLE_IDENTIFIER = "com.ownchannel.Your-Own-Channel";
				PRODUCT_NAME = "$(TARGET_NAME)";
			};
			name = Debug;
		};
		5EBA70A21BF3D878003D5DB6 /* Release */ = {
			isa = XCBuildConfiguration;
			buildSettings = {
				ASSETCATALOG_COMPILER_APPICON_NAME = "App Icon & Top Shelf Image";
				ASSETCATALOG_COMPILER_LAUNCHIMAGE_NAME = LaunchImage;
				INFOPLIST_FILE = "Your Own Channel/Info.plist";
				LD_RUNPATH_SEARCH_PATHS = "$(inherited) @executable_path/Frameworks";
				PRODUCT_BUNDLE_IDENTIFIER = "com.ownchannel.Your-Own-Channel";
				PRODUCT_NAME = "$(TARGET_NAME)";
			};
			name = Release;
		};
/* End XCBuildConfiguration section */

/* Begin XCConfigurationList section */
		5EBA708C1BF3D878003D5DB6 /* Build configuration list for PBXProject "Your Own Channel" */ = {
			isa = XCConfigurationList;
			buildConfigurations = (
				5EBA709E1BF3D878003D5DB6 /* Debug */,
				5EBA709F1BF3D878003D5DB6 /* Release */,
			);
			defaultConfigurationIsVisible = 0;
			defaultConfigurationName = Release;
		};
		5EBA70A01BF3D878003D5DB6 /* Build configuration list for PBXNativeTarget "Your Own Channel" */ = {
			isa = XCConfigurationList;
			buildConfigurations = (
				5EBA70A11BF3D878003D5DB6 /* Debug */,
				5EBA70A21BF3D878003D5DB6 /* Release */,
			);
			defaultConfigurationIsVisible = 0;
		};
/* End XCConfigurationList section */
	};
	rootObject = 5EBA70891BF3D878003D5DB6 /* Project object */;
}
